
Microsoft Visual Studio Solution File, Format Version 12.00
# Visual Studio Version 16
VisualStudioVersion = 16.0.31112.23
MinimumVisualStudioVersion = 10.0.40219.1
Project("{FAE04EC0-301F-11D3-BF4B-00C04F79EFBC}") = "Restaurace", "Restaurace\Restaurace.csproj", "{4F87DE5E-B2F5-48F1-AF92-4FA65D2E252F}"
EndProject
Global
	GlobalSection(SolutionConfigurationPlatforms) = preSolution
		Debug|Any CPU = Debug|Any CPU
		Release|Any CPU = Release|Any CPU
	EndGlobalSection
	GlobalSection(ProjectConfigurationPlatforms) = postSolution
		{4F87DE5E-B2F5-48F1-AF92-4FA65D2E252F}.Debug|Any CPU.ActiveCfg = Debug|Any CPU
		{4F87DE5E-B2F5-48F1-AF92-4FA65D2E252F}.Debug|Any CPU.Build.0 = Debug|Any CPU
		{4F87DE5E-B2F5-48F1-AF92-4FA65D2E252F}.Release|Any CPU.ActiveCfg = Release|Any CPU
		{4F87DE5E-B2F5-48F1-AF92-4FA65D2E252F}.Release|Any CPU.Build.0 = Release|Any CPU
	EndGlobalSection
	GlobalSection(SolutionProperties) = preSolution
		HideSolutionNode = FALSE
	EndGlobalSection
	GlobalSection(ExtensibilityGlobals) = postSolution
		SolutionGuid = {4A6045B1-2083-4DBD-979D-C918B46C1C26}
	EndGlobalSection
EndGlobal
